// !$*UTF8*$!
{
	archiveVersion = 1;
	classes = {
	};
	objectVersion = 46;
	objects = {

/* Begin PBXBuildFile section */
		2D76B2DD8BCD4DB6B7B6668B /* libPods-Dark Clock-cal.a in Frameworks */ = {isa = PBXBuildFile; fileRef = B308EBC584D64392BC663A13 /* libPods-Dark Clock-cal.a */; };
		DD2B886619A7EF4E00AB9F24 /* main.m in Sources */ = {isa = PBXBuildFile; fileRef = DD2B886519A7EF4E00AB9F24 /* main.m */; };
		DD2B886919A7EF4E00AB9F24 /* AppDelegate.m in Sources */ = {isa = PBXBuildFile; fileRef = DD2B886819A7EF4E00AB9F24 /* AppDelegate.m */; };
		DD2B886C19A7EF4E00AB9F24 /* ViewController.m in Sources */ = {isa = PBXBuildFile; fileRef = DD2B886B19A7EF4E00AB9F24 /* ViewController.m */; };
		DD2B886F19A7EF4E00AB9F24 /* Main.storyboard in Resources */ = {isa = PBXBuildFile; fileRef = DD2B886D19A7EF4E00AB9F24 /* Main.storyboard */; };
		DD2B887119A7EF4E00AB9F24 /* Images.xcassets in Resources */ = {isa = PBXBuildFile; fileRef = DD2B887019A7EF4E00AB9F24 /* Images.xcassets */; };
		DDD28A9419AE792D0098D4B8 /* ViewController.m in Sources */ = {isa = PBXBuildFile; fileRef = DD2B886B19A7EF4E00AB9F24 /* ViewController.m */; };
		DDD28A9519AE792D0098D4B8 /* AppDelegate.m in Sources */ = {isa = PBXBuildFile; fileRef = DD2B886819A7EF4E00AB9F24 /* AppDelegate.m */; };
		DDD28A9619AE792D0098D4B8 /* main.m in Sources */ = {isa = PBXBuildFile; fileRef = DD2B886519A7EF4E00AB9F24 /* main.m */; };
		DDD28A9A19AE792D0098D4B8 /* Main.storyboard in Resources */ = {isa = PBXBuildFile; fileRef = DD2B886D19A7EF4E00AB9F24 /* Main.storyboard */; };
		DDD28A9B19AE792D0098D4B8 /* Images.xcassets in Resources */ = {isa = PBXBuildFile; fileRef = DD2B887019A7EF4E00AB9F24 /* Images.xcassets */; };
		F67A17D147724A229276D1FD /* libPods-Dark Clock.a in Frameworks */ = {isa = PBXBuildFile; fileRef = 21A1FB2176B041B1B59CEE50 /* libPods-Dark Clock.a */; };
/* End PBXBuildFile section */

/* Begin PBXFileReference section */
		21A1FB2176B041B1B59CEE50 /* libPods-Dark Clock.a */ = {isa = PBXFileReference; explicitFileType = archive.ar; includeInIndex = 0; path = "libPods-Dark Clock.a"; sourceTree = BUILT_PRODUCTS_DIR; };
		865F656E60F84E44B720CCA6 /* Pods-Dark Clock.xcconfig */ = {isa = PBXFileReference; includeInIndex = 1; lastKnownFileType = text.xcconfig; name = "Pods-Dark Clock.xcconfig"; path = "Pods/Pods-Dark Clock.xcconfig"; sourceTree = "<group>"; };
		B308EBC584D64392BC663A13 /* libPods-Dark Clock-cal.a */ = {isa = PBXFileReference; explicitFileType = archive.ar; includeInIndex = 0; path = "libPods-Dark Clock-cal.a"; sourceTree = BUILT_PRODUCTS_DIR; };
		DD2B886019A7EF4E00AB9F24 /* Dark Clock.app */ = {isa = PBXFileReference; explicitFileType = wrapper.application; includeInIndex = 0; path = "Dark Clock.app"; sourceTree = BUILT_PRODUCTS_DIR; };
		DD2B886419A7EF4E00AB9F24 /* Info.plist */ = {isa = PBXFileReference; lastKnownFileType = text.plist.xml; path = Info.plist; sourceTree = "<group>"; };
		DD2B886519A7EF4E00AB9F24 /* main.m */ = {isa = PBXFileReference; lastKnownFileType = sourcecode.c.objc; path = main.m; sourceTree = "<group>"; };
		DD2B886719A7EF4E00AB9F24 /* AppDelegate.h */ = {isa = PBXFileReference; lastKnownFileType = sourcecode.c.h; path = AppDelegate.h; sourceTree = "<group>"; };
		DD2B886819A7EF4E00AB9F24 /* AppDelegate.m */ = {isa = PBXFileReference; lastKnownFileType = sourcecode.c.objc; path = AppDelegate.m; sourceTree = "<group>"; };
		DD2B886A19A7EF4E00AB9F24 /* ViewController.h */ = {isa = PBXFileReference; lastKnownFileType = sourcecode.c.h; path = ViewController.h; sourceTree = "<group>"; };
		DD2B886B19A7EF4E00AB9F24 /* ViewController.m */ = {isa = PBXFileReference; lastKnownFileType = sourcecode.c.objc; path = ViewController.m; sourceTree = "<group>"; };
		DD2B886E19A7EF4E00AB9F24 /* Base */ = {isa = PBXFileReference; lastKnownFileType = file.storyboard; name = Base; path = Base.lproj/Main.storyboard; sourceTree = "<group>"; };
		DD2B887019A7EF4E00AB9F24 /* Images.xcassets */ = {isa = PBXFileReference; lastKnownFileType = folder.assetcatalog; path = Images.xcassets; sourceTree = "<group>"; };
		DDD28AA019AE792D0098D4B8 /* Dark Clock-cal.app */ = {isa = PBXFileReference; explicitFileType = wrapper.application; includeInIndex = 0; path = "Dark Clock-cal.app"; sourceTree = BUILT_PRODUCTS_DIR; };
		DDD28AA119AE792D0098D4B8 /* Dark Clock-cal-Info.plist */ = {isa = PBXFileReference; lastKnownFileType = text.plist.xml; name = "Dark Clock-cal-Info.plist"; path = "/Users/A656440/dev/home/Dark Clock/Dark Clock-cal-Info.plist"; sourceTree = "<absolute>"; };
		EB219CCA238D49EFB2A0A5E3 /* Pods-Dark Clock-cal.xcconfig */ = {isa = PBXFileReference; includeInIndex = 1; lastKnownFileType = text.xcconfig; name = "Pods-Dark Clock-cal.xcconfig"; path = "Pods/Pods-Dark Clock-cal.xcconfig"; sourceTree = "<group>"; };
/* End PBXFileReference section */

/* Begin PBXFrameworksBuildPhase section */
		DD2B885D19A7EF4E00AB9F24 /* Frameworks */ = {
			isa = PBXFrameworksBuildPhase;
			buildActionMask = 2147483647;
			files = (
				F67A17D147724A229276D1FD /* libPods-Dark Clock.a in Frameworks */,
			);
			runOnlyForDeploymentPostprocessing = 0;
		};
		DDD28A9719AE792D0098D4B8 /* Frameworks */ = {
			isa = PBXFrameworksBuildPhase;
			buildActionMask = 2147483647;
			files = (
				2D76B2DD8BCD4DB6B7B6668B /* libPods-Dark Clock-cal.a in Frameworks */,
			);
			runOnlyForDeploymentPostprocessing = 0;
		};
/* End PBXFrameworksBuildPhase section */

/* Begin PBXGroup section */
		3FF636F4692A464BBCA361DA /* Frameworks */ = {
			isa = PBXGroup;
			children = (
				21A1FB2176B041B1B59CEE50 /* libPods-Dark Clock.a */,
				B308EBC584D64392BC663A13 /* libPods-Dark Clock-cal.a */,
			);
			name = Frameworks;
			sourceTree = "<group>";
		};
		DD2B885719A7EF4E00AB9F24 = {
			isa = PBXGroup;
			children = (
				DD2B886219A7EF4E00AB9F24 /* Dark Clock */,
				DD2B886119A7EF4E00AB9F24 /* Products */,
				865F656E60F84E44B720CCA6 /* Pods-Dark Clock.xcconfig */,
				3FF636F4692A464BBCA361DA /* Frameworks */,
				DDD28AA119AE792D0098D4B8 /* Dark Clock-cal-Info.plist */,
				EB219CCA238D49EFB2A0A5E3 /* Pods-Dark Clock-cal.xcconfig */,
			);
			sourceTree = "<group>";
		};
		DD2B886119A7EF4E00AB9F24 /* Products */ = {
			isa = PBXGroup;
			children = (
				DD2B886019A7EF4E00AB9F24 /* Dark Clock.app */,
				DDD28AA019AE792D0098D4B8 /* Dark Clock-cal.app */,
			);
			name = Products;
			sourceTree = "<group>";
		};
		DD2B886219A7EF4E00AB9F24 /* Dark Clock */ = {
			isa = PBXGroup;
			children = (
				DD2B886719A7EF4E00AB9F24 /* AppDelegate.h */,
				DD2B886819A7EF4E00AB9F24 /* AppDelegate.m */,
				DD2B886A19A7EF4E00AB9F24 /* ViewController.h */,
				DD2B886B19A7EF4E00AB9F24 /* ViewController.m */,
				DD2B886D19A7EF4E00AB9F24 /* Main.storyboard */,
				DD2B887019A7EF4E00AB9F24 /* Images.xcassets */,
				DD2B886319A7EF4E00AB9F24 /* Supporting Files */,
			);
			path = "Dark Clock";
			sourceTree = "<group>";
		};
		DD2B886319A7EF4E00AB9F24 /* Supporting Files */ = {
			isa = PBXGroup;
			children = (
				DD2B886419A7EF4E00AB9F24 /* Info.plist */,
				DD2B886519A7EF4E00AB9F24 /* main.m */,
			);
			name = "Supporting Files";
			sourceTree = "<group>";
		};
/* End PBXGroup section */

/* Begin PBXNativeTarget section */
		DD2B885F19A7EF4E00AB9F24 /* Dark Clock */ = {
			isa = PBXNativeTarget;
			buildConfigurationList = DD2B888019A7EF4E00AB9F24 /* Build configuration list for PBXNativeTarget "Dark Clock" */;
			buildPhases = (
				AFF1F48FFC4E4263B6252979 /* Check Pods Manifest.lock */,
				DD2B885C19A7EF4E00AB9F24 /* Sources */,
				DD2B885D19A7EF4E00AB9F24 /* Frameworks */,
				DD2B885E19A7EF4E00AB9F24 /* Resources */,
				F759298A5D3D44C482C41195 /* Copy Pods Resources */,
			);
			buildRules = (
			);
			dependencies = (
			);
			name = "Dark Clock";
			productName = "Dark Clock";
			productReference = DD2B886019A7EF4E00AB9F24 /* Dark Clock.app */;
			productType = "com.apple.product-type.application";
		};
		DDD28A9119AE792D0098D4B8 /* Dark Clock-cal */ = {
			isa = PBXNativeTarget;
			buildConfigurationList = DDD28A9D19AE792D0098D4B8 /* Build configuration list for PBXNativeTarget "Dark Clock-cal" */;
			buildPhases = (
				DDD28A9219AE792D0098D4B8 /* Check Pods Manifest.lock */,
				DDD28A9319AE792D0098D4B8 /* Sources */,
				DDD28A9719AE792D0098D4B8 /* Frameworks */,
				DDD28A9919AE792D0098D4B8 /* Resources */,
				DDD28A9C19AE792D0098D4B8 /* Copy Pods Resources */,
			);
			buildRules = (
			);
			dependencies = (
			);
			name = "Dark Clock-cal";
			productName = "Dark Clock";
			productReference = DDD28AA019AE792D0098D4B8 /* Dark Clock-cal.app */;
			productType = "com.apple.product-type.application";
		};
/* End PBXNativeTarget section */

/* Begin PBXProject section */
		DD2B885819A7EF4E00AB9F24 /* Project object */ = {
			isa = PBXProject;
			attributes = {
				LastUpgradeCheck = 0600;
				ORGANIZATIONNAME = thehouck;
				TargetAttributes = {
					DD2B885F19A7EF4E00AB9F24 = {
						CreatedOnToolsVersion = 6.0;
						DevelopmentTeam = 9J2U8VW863;
					};
					DDD28A9119AE792D0098D4B8 = {
						DevelopmentTeam = 9J2U8VW863;
					};
				};
			};
			buildConfigurationList = DD2B885B19A7EF4E00AB9F24 /* Build configuration list for PBXProject "Dark Clock" */;
			compatibilityVersion = "Xcode 3.2";
			developmentRegion = English;
			hasScannedForEncodings = 0;
			knownRegions = (
				en,
				Base,
			);
			mainGroup = DD2B885719A7EF4E00AB9F24;
			productRefGroup = DD2B886119A7EF4E00AB9F24 /* Products */;
			projectDirPath = "";
			projectRoot = "";
			targets = (
				DD2B885F19A7EF4E00AB9F24 /* Dark Clock */,
				DDD28A9119AE792D0098D4B8 /* Dark Clock-cal */,
			);
		};
/* End PBXProject section */

/* Begin PBXResourcesBuildPhase section */
		DD2B885E19A7EF4E00AB9F24 /* Resources */ = {
			isa = PBXResourcesBuildPhase;
			buildActionMask = 2147483647;
			files = (
				DD2B886F19A7EF4E00AB9F24 /* Main.storyboard in Resources */,
				DD2B887119A7EF4E00AB9F24 /* Images.xcassets in Resources */,
			);
			runOnlyForDeploymentPostprocessing = 0;
		};
		DDD28A9919AE792D0098D4B8 /* Resources */ = {
			isa = PBXResourcesBuildPhase;
			buildActionMask = 2147483647;
			files = (
				DDD28A9A19AE792D0098D4B8 /* Main.storyboard in Resources */,
				DDD28A9B19AE792D0098D4B8 /* Images.xcassets in Resources */,
			);
			runOnlyForDeploymentPostprocessing = 0;
		};
/* End PBXResourcesBuildPhase section */

/* Begin PBXShellScriptBuildPhase section */
		AFF1F48FFC4E4263B6252979 /* Check Pods Manifest.lock */ = {
			isa = PBXShellScriptBuildPhase;
			buildActionMask = 2147483647;
			files = (
			);
			inputPaths = (
			);
			name = "Check Pods Manifest.lock";
			outputPaths = (
			);
			runOnlyForDeploymentPostprocessing = 0;
			shellPath = /bin/sh;
			shellScript = "diff \"${PODS_ROOT}/../Podfile.lock\" \"${PODS_ROOT}/Manifest.lock\" > /dev/null\nif [[ $? != 0 ]] ; then\n    cat << EOM\nerror: The sandbox is not in sync with the Podfile.lock. Run 'pod install' or update your CocoaPods installation.\nEOM\n    exit 1\nfi\n";
			showEnvVarsInLog = 0;
		};
		DDD28A9219AE792D0098D4B8 /* Check Pods Manifest.lock */ = {
			isa = PBXShellScriptBuildPhase;
			buildActionMask = 2147483647;
			files = (
			);
			inputPaths = (
			);
			name = "Check Pods Manifest.lock";
			outputPaths = (
			);
			runOnlyForDeploymentPostprocessing = 0;
			shellPath = /bin/sh;
			shellScript = "diff \"${PODS_ROOT}/../Podfile.lock\" \"${PODS_ROOT}/Manifest.lock\" > /dev/null\nif [[ $? != 0 ]] ; then\n    cat << EOM\nerror: The sandbox is not in sync with the Podfile.lock. Run 'pod install' or update your CocoaPods installation.\nEOM\n    exit 1\nfi\n";
			showEnvVarsInLog = 0;
		};
		DDD28A9C19AE792D0098D4B8 /* Copy Pods Resources */ = {
			isa = PBXShellScriptBuildPhase;
			buildActionMask = 2147483647;
			files = (
			);
			inputPaths = (
			);
			name = "Copy Pods Resources";
			outputPaths = (
			);
			runOnlyForDeploymentPostprocessing = 0;
			shellPath = /bin/sh;
			shellScript = "\"${SRCROOT}/Pods/Pods-Dark Clock-cal-resources.sh\"\n";
			showEnvVarsInLog = 0;
		};
		F759298A5D3D44C482C41195 /* Copy Pods Resources */ = {
			isa = PBXShellScriptBuildPhase;
			buildActionMask = 2147483647;
			files = (
			);
			inputPaths = (
			);
			name = "Copy Pods Resources";
			outputPaths = (
			);
			runOnlyForDeploymentPostprocessing = 0;
			shellPath = /bin/sh;
			shellScript = "\"${SRCROOT}/Pods/Pods-Dark Clock-resources.sh\"\n";
			showEnvVarsInLog = 0;
		};
/* End PBXShellScriptBuildPhase section */

/* Begin PBXSourcesBuildPhase section */
		DD2B885C19A7EF4E00AB9F24 /* Sources */ = {
			isa = PBXSourcesBuildPhase;
			buildActionMask = 2147483647;
			files = (
				DD2B886C19A7EF4E00AB9F24 /* ViewController.m in Sources */,
				DD2B886919A7EF4E00AB9F24 /* AppDelegate.m in Sources */,
				DD2B886619A7EF4E00AB9F24 /* main.m in Sources */,
			);
			runOnlyForDeploymentPostprocessing = 0;
		};
		DDD28A9319AE792D0098D4B8 /* Sources */ = {
			isa = PBXSourcesBuildPhase;
			buildActionMask = 2147483647;
			files = (
				DDD28A9419AE792D0098D4B8 /* ViewController.m in Sources */,
				DDD28A9519AE792D0098D4B8 /* AppDelegate.m in Sources */,
				DDD28A9619AE792D0098D4B8 /* main.m in Sources */,
			);
			runOnlyForDeploymentPostprocessing = 0;
		};
/* End PBXSourcesBuildPhase section */

/* Begin PBXVariantGroup section */
		DD2B886D19A7EF4E00AB9F24 /* Main.storyboard */ = {
			isa = PBXVariantGroup;
			children = (
				DD2B886E19A7EF4E00AB9F24 /* Base */,
			);
			name = Main.storyboard;
			sourceTree = "<group>";
		};
/* End PBXVariantGroup section */

/* Begin XCBuildConfiguration section */
		DD2B887E19A7EF4E00AB9F24 /* Debug */ = {
			isa = XCBuildConfiguration;
			buildSettings = {
				ALWAYS_SEARCH_USER_PATHS = NO;
				CLANG_CXX_LANGUAGE_STANDARD = "gnu++0x";
				CLANG_CXX_LIBRARY = "libc++";
				CLANG_ENABLE_MODULES = YES;
				CLANG_ENABLE_OBJC_ARC = YES;
				CLANG_WARN_BOOL_CONVERSION = YES;
				CLANG_WARN_CONSTANT_CONVERSION = YES;
				CLANG_WARN_DIRECT_OBJC_ISA_USAGE = YES_ERROR;
				CLANG_WARN_EMPTY_BODY = YES;
				CLANG_WARN_ENUM_CONVERSION = YES;
				CLANG_WARN_INT_CONVERSION = YES;
				CLANG_WARN_OBJC_ROOT_CLASS = YES_ERROR;
				CLANG_WARN_UNREACHABLE_CODE = YES;
				CLANG_WARN__DUPLICATE_METHOD_MATCH = YES;
				"CODE_SIGN_IDENTITY[sdk=iphoneos*]" = "iPhone Developer";
				COPY_PHASE_STRIP = NO;
				ENABLE_STRICT_OBJC_MSGSEND = YES;
				GCC_C_LANGUAGE_STANDARD = gnu99;
				GCC_DYNAMIC_NO_PIC = NO;
				GCC_OPTIMIZATION_LEVEL = 0;
				GCC_PREPROCESSOR_DEFINITIONS = (
					"DEBUG=1",
					"$(inherited)",
				);
				GCC_SYMBOLS_PRIVATE_EXTERN = NO;
				GCC_WARN_64_TO_32_BIT_CONVERSION = YES;
				GCC_WARN_ABOUT_RETURN_TYPE = YES_ERROR;
				GCC_WARN_UNDECLARED_SELECTOR = YES;
				GCC_WARN_UNINITIALIZED_AUTOS = YES_AGGRESSIVE;
				GCC_WARN_UNUSED_FUNCTION = YES;
				GCC_WARN_UNUSED_VARIABLE = YES;
				IPHONEOS_DEPLOYMENT_TARGET = 6.0;
				MTL_ENABLE_DEBUG_INFO = YES;
				ONLY_ACTIVE_ARCH = YES;
				SDKROOT = iphoneos;
				TARGETED_DEVICE_FAMILY = "1,2";
			};
			name = Debug;
		};
		DD2B887F19A7EF4E00AB9F24 /* Release */ = {
			isa = XCBuildConfiguration;
			buildSettings = {
				ALWAYS_SEARCH_USER_PATHS = NO;
				CLANG_CXX_LANGUAGE_STANDARD = "gnu++0x";
				CLANG_CXX_LIBRARY = "libc++";
				CLANG_ENABLE_MODULES = YES;
				CLANG_ENABLE_OBJC_ARC = YES;
				CLANG_WARN_BOOL_CONVERSION = YES;
				CLANG_WARN_CONSTANT_CONVERSION = YES;
				CLANG_WARN_DIRECT_OBJC_ISA_USAGE = YES_ERROR;
				CLANG_WARN_EMPTY_BODY = YES;
				CLANG_WARN_ENUM_CONVERSION = YES;
				CLANG_WARN_INT_CONVERSION = YES;
				CLANG_WARN_OBJC_ROOT_CLASS = YES_ERROR;
				CLANG_WARN_UNREACHABLE_CODE = YES;
				CLANG_WARN__DUPLICATE_METHOD_MATCH = YES;
				"CODE_SIGN_IDENTITY[sdk=iphoneos*]" = "iPhone Developer";
				COPY_PHASE_STRIP = YES;
				ENABLE_NS_ASSERTIONS = NO;
				ENABLE_STRICT_OBJC_MSGSEND = YES;
				GCC_C_LANGUAGE_STANDARD = gnu99;
				GCC_WARN_64_TO_32_BIT_CONVERSION = YES;
				GCC_WARN_ABOUT_RETURN_TYPE = YES_ERROR;
				GCC_WARN_UNDECLARED_SELECTOR = YES;
				GCC_WARN_UNINITIALIZED_AUTOS = YES_AGGRESSIVE;
				GCC_WARN_UNUSED_FUNCTION = YES;
				GCC_WARN_UNUSED_VARIABLE = YES;
				IPHONEOS_DEPLOYMENT_TARGET = 6.0;
				MTL_ENABLE_DEBUG_INFO = NO;
				SDKROOT = iphoneos;
				TARGETED_DEVICE_FAMILY = "1,2";
				VALIDATE_PRODUCT = YES;
			};
			name = Release;
		};
		DD2B888119A7EF4E00AB9F24 /* Debug */ = {
			isa = XCBuildConfiguration;
			baseConfigurationReference = 865F656E60F84E44B720CCA6 /* Pods-Dark Clock.xcconfig */;
			buildSettings = {
				ASSETCATALOG_COMPILER_APPICON_NAME = AppIcon;
				ASSETCATALOG_COMPILER_LAUNCHIMAGE_NAME = LaunchImage;
				CODE_SIGN_IDENTITY = "iPhone Developer";
				"CODE_SIGN_IDENTITY[sdk=iphoneos*]" = "iPhone Developer";
				INFOPLIST_FILE = "Dark Clock/Info.plist";
				IPHONEOS_DEPLOYMENT_TARGET = 6.0;
				LD_RUNPATH_SEARCH_PATHS = "$(inherited) @executable_path/Frameworks";
				PRODUCT_NAME = "$(TARGET_NAME)";
				PROVISIONING_PROFILE = "";
			};
			name = Debug;
		};
		DD2B888219A7EF4E00AB9F24 /* Release */ = {
			isa = XCBuildConfiguration;
			baseConfigurationReference = 865F656E60F84E44B720CCA6 /* Pods-Dark Clock.xcconfig */;
			buildSettings = {
				ASSETCATALOG_COMPILER_APPICON_NAME = AppIcon;
				ASSETCATALOG_COMPILER_LAUNCHIMAGE_NAME = LaunchImage;
				CODE_SIGN_IDENTITY = "iPhone Developer";
				"CODE_SIGN_IDENTITY[sdk=iphoneos*]" = "iPhone Developer";
				INFOPLIST_FILE = "Dark Clock/Info.plist";
				IPHONEOS_DEPLOYMENT_TARGET = 6.0;
				LD_RUNPATH_SEARCH_PATHS = "$(inherited) @executable_path/Frameworks";
				PRODUCT_NAME = "$(TARGET_NAME)";
				PROVISIONING_PROFILE = "";
			};
			name = Release;
		};
		DDD28A9E19AE792D0098D4B8 /* Debug */ = {
			isa = XCBuildConfiguration;
			baseConfigurationReference = EB219CCA238D49EFB2A0A5E3 /* Pods-Dark Clock-cal.xcconfig */;
			buildSettings = {
				ASSETCATALOG_COMPILER_APPICON_NAME = AppIcon;
				ASSETCATALOG_COMPILER_LAUNCHIMAGE_NAME = LaunchImage;
				CODE_SIGN_IDENTITY = "iPhone Developer";
				"CODE_SIGN_IDENTITY[sdk=iphoneos*]" = "iPhone Developer";
				INFOPLIST_FILE = "$(SRCROOT)/Dark Clock-cal-Info.plist";
				IPHONEOS_DEPLOYMENT_TARGET = 6.0;
				LD_RUNPATH_SEARCH_PATHS = "$(inherited) @executable_path/Frameworks";
				LIBRARY_SEARCH_PATHS = (
					"$(inherited)",
					"$(PROJECT_DIR)/Pods/build/Debug-iphoneos",
				);
				PRODUCT_NAME = "Dark Clock-cal";
				PROVISIONING_PROFILE = "";
			};
			name = Debug;
		};
		DDD28A9F19AE792D0098D4B8 /* Release */ = {
			isa = XCBuildConfiguration;
			baseConfigurationReference = EB219CCA238D49EFB2A0A5E3 /* Pods-Dark Clock-cal.xcconfig */;
			buildSettings = {
				ASSETCATALOG_COMPILER_APPICON_NAME = AppIcon;
				ASSETCATALOG_COMPILER_LAUNCHIMAGE_NAME = LaunchImage;
				CODE_SIGN_IDENTITY = "iPhone Developer";
				"CODE_SIGN_IDENTITY[sdk=iphoneos*]" = "iPhone Developer";
				INFOPLIST_FILE = "$(SRCROOT)/Dark Clock-cal-Info.plist";
				IPHONEOS_DEPLOYMENT_TARGET = 6.0;
				LD_RUNPATH_SEARCH_PATHS = "$(inherited) @executable_path/Frameworks";
				LIBRARY_SEARCH_PATHS = (
					"$(inherited)",
					"$(PROJECT_DIR)/Pods/build/Debug-iphoneos",
				);
				PRODUCT_NAME = "Dark Clock-cal";
				PROVISIONING_PROFILE = "";
			};
			name = Release;
		};
/* End XCBuildConfiguration section */

/* Begin XCConfigurationList section */
		DD2B885B19A7EF4E00AB9F24 /* Build configuration list for PBXProject "Dark Clock" */ = {
			isa = XCConfigurationList;
			buildConfigurations = (
				DD2B887E19A7EF4E00AB9F24 /* Debug */,
				DD2B887F19A7EF4E00AB9F24 /* Release */,
			);
			defaultConfigurationIsVisible = 0;
			defaultConfigurationName = Release;
		};
		DD2B888019A7EF4E00AB9F24 /* Build configuration list for PBXNativeTarget "Dark Clock" */ = {
			isa = XCConfigurationList;
			buildConfigurations = (
				DD2B888119A7EF4E00AB9F24 /* Debug */,
				DD2B888219A7EF4E00AB9F24 /* Release */,
			);
			defaultConfigurationIsVisible = 0;
			defaultConfigurationName = Release;
		};
		DDD28A9D19AE792D0098D4B8 /* Build configuration list for PBXNativeTarget "Dark Clock-cal" */ = {
			isa = XCConfigurationList;
			buildConfigurations = (
				DDD28A9E19AE792D0098D4B8 /* Debug */,
				DDD28A9F19AE792D0098D4B8 /* Release */,
			);
			defaultConfigurationIsVisible = 0;
			defaultConfigurationName = Release;
		};
/* End XCConfigurationList section */
	};
	rootObject = DD2B885819A7EF4E00AB9F24 /* Project object */;
}
