// !$*UTF8*$!
{
	archiveVersion = 1;
	classes = {
	};
	objectVersion = 46;
	objects = {

/* Begin PBXBuildFile section */
		DD2B886619A7EF4E00AB9F24 /* main.m in Sources */ = {isa = PBXBuildFile; fileRef = DD2B886519A7EF4E00AB9F24 /* main.m */; };
		DD2B886919A7EF4E00AB9F24 /* AppDelegate.m in Sources */ = {isa = PBXBuildFile; fileRef = DD2B886819A7EF4E00AB9F24 /* AppDelegate.m */; };
		DD2B886C19A7EF4E00AB9F24 /* ViewController.m in Sources */ = {isa = PBXBuildFile; fileRef = DD2B886B19A7EF4E00AB9F24 /* ViewController.m */; };
		DD2B886F19A7EF4E00AB9F24 /* Main.storyboard in Resources */ = {isa = PBXBuildFile; fileRef = DD2B886D19A7EF4E00AB9F24 /* Main.storyboard */; };
		DD2B887119A7EF4E00AB9F24 /* Images.xcassets in Resources */ = {isa = PBXBuildFile; fileRef = DD2B887019A7EF4E00AB9F24 /* Images.xcassets */; };
		DD2B887D19A7EF4E00AB9F24 /* Dark_ClockTests.m in Sources */ = {isa = PBXBuildFile; fileRef = DD2B887C19A7EF4E00AB9F24 /* Dark_ClockTests.m */; };
/* End PBXBuildFile section */

/* Begin PBXContainerItemProxy section */
		DD2B887719A7EF4E00AB9F24 /* PBXContainerItemProxy */ = {
			isa = PBXContainerItemProxy;
			containerPortal = DD2B885819A7EF4E00AB9F24 /* Project object */;
			proxyType = 1;
			remoteGlobalIDString = DD2B885F19A7EF4E00AB9F24;
			remoteInfo = "Dark Clock";
		};
/* End PBXContainerItemProxy section */

/* Begin PBXFileReference section */
		DD2B886019A7EF4E00AB9F24 /* Dark Clock.app */ = {isa = PBXFileReference; explicitFileType = wrapper.application; includeInIndex = 0; path = "Dark Clock.app"; sourceTree = BUILT_PRODUCTS_DIR; };
		DD2B886419A7EF4E00AB9F24 /* Info.plist */ = {isa = PBXFileReference; lastKnownFileType = text.plist.xml; path = Info.plist; sourceTree = "<group>"; };
		DD2B886519A7EF4E00AB9F24 /* main.m */ = {isa = PBXFileReference; lastKnownFileType = sourcecode.c.objc; path = main.m; sourceTree = "<group>"; };
		DD2B886719A7EF4E00AB9F24 /* AppDelegate.h */ = {isa = PBXFileReference; lastKnownFileType = sourcecode.c.h; path = AppDelegate.h; sourceTree = "<group>"; };
		DD2B886819A7EF4E00AB9F24 /* AppDelegate.m */ = {isa = PBXFileReference; lastKnownFileType = sourcecode.c.objc; path = AppDelegate.m; sourceTree = "<group>"; };
		DD2B886A19A7EF4E00AB9F24 /* ViewController.h */ = {isa = PBXFileReference; lastKnownFileType = sourcecode.c.h; path = ViewController.h; sourceTree = "<group>"; };
		DD2B886B19A7EF4E00AB9F24 /* ViewController.m */ = {isa = PBXFileReference; lastKnownFileType = sourcecode.c.objc; path = ViewController.m; sourceTree = "<group>"; };
		DD2B886E19A7EF4E00AB9F24 /* Base */ = {isa = PBXFileReference; lastKnownFileType = file.storyboard; name = Base; path = Base.lproj/Main.storyboard; sourceTree = "<group>"; };
		DD2B887019A7EF4E00AB9F24 /* Images.xcassets */ = {isa = PBXFileReference; lastKnownFileType = folder.assetcatalog; path = Images.xcassets; sourceTree = "<group>"; };
		DD2B887619A7EF4E00AB9F24 /* Dark ClockTests.xctest */ = {isa = PBXFileReference; explicitFileType = wrapper.cfbundle; includeInIndex = 0; path = "Dark ClockTests.xctest"; sourceTree = BUILT_PRODUCTS_DIR; };
		DD2B887B19A7EF4E00AB9F24 /* Info.plist */ = {isa = PBXFileReference; lastKnownFileType = text.plist.xml; path = Info.plist; sourceTree = "<group>"; };
		DD2B887C19A7EF4E00AB9F24 /* Dark_ClockTests.m */ = {isa = PBXFileReference; lastKnownFileType = sourcecode.c.objc; path = Dark_ClockTests.m; sourceTree = "<group>"; };
/* End PBXFileReference section */

/* Begin PBXFrameworksBuildPhase section */
		DD2B885D19A7EF4E00AB9F24 /* Frameworks */ = {
			isa = PBXFrameworksBuildPhase;
			buildActionMask = 2147483647;
			files = (
			);
			runOnlyForDeploymentPostprocessing = 0;
		};
		DD2B887319A7EF4E00AB9F24 /* Frameworks */ = {
			isa = PBXFrameworksBuildPhase;
			buildActionMask = 2147483647;
			files = (
			);
			runOnlyForDeploymentPostprocessing = 0;
		};
/* End PBXFrameworksBuildPhase section */

/* Begin PBXGroup section */
		DD2B885719A7EF4E00AB9F24 = {
			isa = PBXGroup;
			children = (
				DD2B886219A7EF4E00AB9F24 /* Dark Clock */,
				DD2B887919A7EF4E00AB9F24 /* Dark ClockTests */,
				DD2B886119A7EF4E00AB9F24 /* Products */,
			);
			sourceTree = "<group>";
		};
		DD2B886119A7EF4E00AB9F24 /* Products */ = {
			isa = PBXGroup;
			children = (
				DD2B886019A7EF4E00AB9F24 /* Dark Clock.app */,
				DD2B887619A7EF4E00AB9F24 /* Dark ClockTests.xctest */,
			);
			name = Products;
			sourceTree = "<group>";
		};
		DD2B886219A7EF4E00AB9F24 /* Dark Clock */ = {
			isa = PBXGroup;
			children = (
				DD2B886719A7EF4E00AB9F24 /* AppDelegate.h */,
				DD2B886819A7EF4E00AB9F24 /* AppDelegate.m */,
				DD2B886A19A7EF4E00AB9F24 /* ViewController.h */,
				DD2B886B19A7EF4E00AB9F24 /* ViewController.m */,
				DD2B886D19A7EF4E00AB9F24 /* Main.storyboard */,
				DD2B887019A7EF4E00AB9F24 /* Images.xcassets */,
				DD2B886319A7EF4E00AB9F24 /* Supporting Files */,
			);
			path = "Dark Clock";
			sourceTree = "<group>";
		};
		DD2B886319A7EF4E00AB9F24 /* Supporting Files */ = {
			isa = PBXGroup;
			children = (
				DD2B886419A7EF4E00AB9F24 /* Info.plist */,
				DD2B886519A7EF4E00AB9F24 /* main.m */,
			);
			name = "Supporting Files";
			sourceTree = "<group>";
		};
		DD2B887919A7EF4E00AB9F24 /* Dark ClockTests */ = {
			isa = PBXGroup;
			children = (
				DD2B887C19A7EF4E00AB9F24 /* Dark_ClockTests.m */,
				DD2B887A19A7EF4E00AB9F24 /* Supporting Files */,
			);
			path = "Dark ClockTests";
			sourceTree = "<group>";
		};
		DD2B887A19A7EF4E00AB9F24 /* Supporting Files */ = {
			isa = PBXGroup;
			children = (
				DD2B887B19A7EF4E00AB9F24 /* Info.plist */,
			);
			name = "Supporting Files";
			sourceTree = "<group>";
		};
/* End PBXGroup section */

/* Begin PBXNativeTarget section */
		DD2B885F19A7EF4E00AB9F24 /* Dark Clock */ = {
			isa = PBXNativeTarget;
			buildConfigurationList = DD2B888019A7EF4E00AB9F24 /* Build configuration list for PBXNativeTarget "Dark Clock" */;
			buildPhases = (
				DD2B885C19A7EF4E00AB9F24 /* Sources */,
				DD2B885D19A7EF4E00AB9F24 /* Frameworks */,
				DD2B885E19A7EF4E00AB9F24 /* Resources */,
			);
			buildRules = (
			);
			dependencies = (
			);
			name = "Dark Clock";
			productName = "Dark Clock";
			productReference = DD2B886019A7EF4E00AB9F24 /* Dark Clock.app */;
			productType = "com.apple.product-type.application";
		};
		DD2B887519A7EF4E00AB9F24 /* Dark ClockTests */ = {
			isa = PBXNativeTarget;
			buildConfigurationList = DD2B888319A7EF4E00AB9F24 /* Build configuration list for PBXNativeTarget "Dark ClockTests" */;
			buildPhases = (
				DD2B887219A7EF4E00AB9F24 /* Sources */,
				DD2B887319A7EF4E00AB9F24 /* Frameworks */,
				DD2B887419A7EF4E00AB9F24 /* Resources */,
			);
			buildRules = (
			);
			dependencies = (
				DD2B887819A7EF4E00AB9F24 /* PBXTargetDependency */,
			);
			name = "Dark ClockTests";
			productName = "Dark ClockTests";
			productReference = DD2B887619A7EF4E00AB9F24 /* Dark ClockTests.xctest */;
			productType = "com.apple.product-type.bundle.unit-test";
		};
/* End PBXNativeTarget section */

/* Begin PBXProject section */
		DD2B885819A7EF4E00AB9F24 /* Project object */ = {
			isa = PBXProject;
			attributes = {
				LastUpgradeCheck = 0600;
				ORGANIZATIONNAME = thehouck;
				TargetAttributes = {
					DD2B885F19A7EF4E00AB9F24 = {
						CreatedOnToolsVersion = 6.0;
					};
					DD2B887519A7EF4E00AB9F24 = {
						CreatedOnToolsVersion = 6.0;
						TestTargetID = DD2B885F19A7EF4E00AB9F24;
					};
				};
			};
			buildConfigurationList = DD2B885B19A7EF4E00AB9F24 /* Build configuration list for PBXProject "Dark Clock" */;
			compatibilityVersion = "Xcode 3.2";
			developmentRegion = English;
			hasScannedForEncodings = 0;
			knownRegions = (
				en,
				Base,
			);
			mainGroup = DD2B885719A7EF4E00AB9F24;
			productRefGroup = DD2B886119A7EF4E00AB9F24 /* Products */;
			projectDirPath = "";
			projectRoot = "";
			targets = (
				DD2B885F19A7EF4E00AB9F24 /* Dark Clock */,
				DD2B887519A7EF4E00AB9F24 /* Dark ClockTests */,
			);
		};
/* End PBXProject section */

/* Begin PBXResourcesBuildPhase section */
		DD2B885E19A7EF4E00AB9F24 /* Resources */ = {
			isa = PBXResourcesBuildPhase;
			buildActionMask = 2147483647;
			files = (
				DD2B886F19A7EF4E00AB9F24 /* Main.storyboard in Resources */,
				DD2B887119A7EF4E00AB9F24 /* Images.xcassets in Resources */,
			);
			runOnlyForDeploymentPostprocessing = 0;
		};
		DD2B887419A7EF4E00AB9F24 /* Resources */ = {
			isa = PBXResourcesBuildPhase;
			buildActionMask = 2147483647;
			files = (
			);
			runOnlyForDeploymentPostprocessing = 0;
		};
/* End PBXResourcesBuildPhase section */

/* Begin PBXSourcesBuildPhase section */
		DD2B885C19A7EF4E00AB9F24 /* Sources */ = {
			isa = PBXSourcesBuildPhase;
			buildActionMask = 2147483647;
			files = (
				DD2B886C19A7EF4E00AB9F24 /* ViewController.m in Sources */,
				DD2B886919A7EF4E00AB9F24 /* AppDelegate.m in Sources */,
				DD2B886619A7EF4E00AB9F24 /* main.m in Sources */,
			);
			runOnlyForDeploymentPostprocessing = 0;
		};
		DD2B887219A7EF4E00AB9F24 /* Sources */ = {
			isa = PBXSourcesBuildPhase;
			buildActionMask = 2147483647;
			files = (
				DD2B887D19A7EF4E00AB9F24 /* Dark_ClockTests.m in Sources */,
			);
			runOnlyForDeploymentPostprocessing = 0;
		};
/* End PBXSourcesBuildPhase section */

/* Begin PBXTargetDependency section */
		DD2B887819A7EF4E00AB9F24 /* PBXTargetDependency */ = {
			isa = PBXTargetDependency;
			target = DD2B885F19A7EF4E00AB9F24 /* Dark Clock */;
			targetProxy = DD2B887719A7EF4E00AB9F24 /* PBXContainerItemProxy */;
		};
/* End PBXTargetDependency section */

/* Begin PBXVariantGroup section */
		DD2B886D19A7EF4E00AB9F24 /* Main.storyboard */ = {
			isa = PBXVariantGroup;
			children = (
				DD2B886E19A7EF4E00AB9F24 /* Base */,
			);
			name = Main.storyboard;
			sourceTree = "<group>";
		};
/* End PBXVariantGroup section */

/* Begin XCBuildConfiguration section */
		DD2B887E19A7EF4E00AB9F24 /* Debug */ = {
			isa = XCBuildConfiguration;
			buildSettings = {
				ALWAYS_SEARCH_USER_PATHS = NO;
				CLANG_CXX_LANGUAGE_STANDARD = "gnu++0x";
				CLANG_CXX_LIBRARY = "libc++";
				CLANG_ENABLE_MODULES = YES;
				CLANG_ENABLE_OBJC_ARC = YES;
				CLANG_WARN_BOOL_CONVERSION = YES;
				CLANG_WARN_CONSTANT_CONVERSION = YES;
				CLANG_WARN_DIRECT_OBJC_ISA_USAGE = YES_ERROR;
				CLANG_WARN_EMPTY_BODY = YES;
				CLANG_WARN_ENUM_CONVERSION = YES;
				CLANG_WARN_INT_CONVERSION = YES;
				CLANG_WARN_OBJC_ROOT_CLASS = YES_ERROR;
				CLANG_WARN_UNREACHABLE_CODE = YES;
				CLANG_WARN__DUPLICATE_METHOD_MATCH = YES;
				"CODE_SIGN_IDENTITY[sdk=iphoneos*]" = "iPhone Developer";
				COPY_PHASE_STRIP = NO;
				ENABLE_STRICT_OBJC_MSGSEND = YES;
				GCC_C_LANGUAGE_STANDARD = gnu99;
				GCC_DYNAMIC_NO_PIC = NO;
				GCC_OPTIMIZATION_LEVEL = 0;
				GCC_PREPROCESSOR_DEFINITIONS = (
					"DEBUG=1",
					"$(inherited)",
				);
				GCC_SYMBOLS_PRIVATE_EXTERN = NO;
				GCC_WARN_64_TO_32_BIT_CONVERSION = YES;
				GCC_WARN_ABOUT_RETURN_TYPE = YES_ERROR;
				GCC_WARN_UNDECLARED_SELECTOR = YES;
				GCC_WARN_UNINITIALIZED_AUTOS = YES_AGGRESSIVE;
				GCC_WARN_UNUSED_FUNCTION = YES;
				GCC_WARN_UNUSED_VARIABLE = YES;
				IPHONEOS_DEPLOYMENT_TARGET = 6.0;
				MTL_ENABLE_DEBUG_INFO = YES;
				ONLY_ACTIVE_ARCH = YES;
				SDKROOT = iphoneos;
				TARGETED_DEVICE_FAMILY = "1,2";
			};
			name = Debug;
		};
		DD2B887F19A7EF4E00AB9F24 /* Release */ = {
			isa = XCBuildConfiguration;
			buildSettings = {
				ALWAYS_SEARCH_USER_PATHS = NO;
				CLANG_CXX_LANGUAGE_STANDARD = "gnu++0x";
				CLANG_CXX_LIBRARY = "libc++";
				CLANG_ENABLE_MODULES = YES;
				CLANG_ENABLE_OBJC_ARC = YES;
				CLANG_WARN_BOOL_CONVERSION = YES;
				CLANG_WARN_CONSTANT_CONVERSION = YES;
				CLANG_WARN_DIRECT_OBJC_ISA_USAGE = YES_ERROR;
				CLANG_WARN_EMPTY_BODY = YES;
				CLANG_WARN_ENUM_CONVERSION = YES;
				CLANG_WARN_INT_CONVERSION = YES;
				CLANG_WARN_OBJC_ROOT_CLASS = YES_ERROR;
				CLANG_WARN_UNREACHABLE_CODE = YES;
				CLANG_WARN__DUPLICATE_METHOD_MATCH = YES;
				"CODE_SIGN_IDENTITY[sdk=iphoneos*]" = "iPhone Developer";
				COPY_PHASE_STRIP = YES;
				ENABLE_NS_ASSERTIONS = NO;
				ENABLE_STRICT_OBJC_MSGSEND = YES;
				GCC_C_LANGUAGE_STANDARD = gnu99;
				GCC_WARN_64_TO_32_BIT_CONVERSION = YES;
				GCC_WARN_ABOUT_RETURN_TYPE = YES_ERROR;
				GCC_WARN_UNDECLARED_SELECTOR = YES;
				GCC_WARN_UNINITIALIZED_AUTOS = YES_AGGRESSIVE;
				GCC_WARN_UNUSED_FUNCTION = YES;
				GCC_WARN_UNUSED_VARIABLE = YES;
				IPHONEOS_DEPLOYMENT_TARGET = 6.0;
				MTL_ENABLE_DEBUG_INFO = NO;
				SDKROOT = iphoneos;
				TARGETED_DEVICE_FAMILY = "1,2";
				VALIDATE_PRODUCT = YES;
			};
			name = Release;
		};
		DD2B888119A7EF4E00AB9F24 /* Debug */ = {
			isa = XCBuildConfiguration;
			buildSettings = {
				ASSETCATALOG_COMPILER_APPICON_NAME = AppIcon;
				ASSETCATALOG_COMPILER_LAUNCHIMAGE_NAME = LaunchImage;
				INFOPLIST_FILE = "Dark Clock/Info.plist";
				IPHONEOS_DEPLOYMENT_TARGET = 6.0;
				LD_RUNPATH_SEARCH_PATHS = "$(inherited) @executable_path/Frameworks";
				PRODUCT_NAME = "$(TARGET_NAME)";
			};
			name = Debug;
		};
		DD2B888219A7EF4E00AB9F24 /* Release */ = {
			isa = XCBuildConfiguration;
			buildSettings = {
				ASSETCATALOG_COMPILER_APPICON_NAME = AppIcon;
				ASSETCATALOG_COMPILER_LAUNCHIMAGE_NAME = LaunchImage;
				INFOPLIST_FILE = "Dark Clock/Info.plist";
				IPHONEOS_DEPLOYMENT_TARGET = 6.0;
				LD_RUNPATH_SEARCH_PATHS = "$(inherited) @executable_path/Frameworks";
				PRODUCT_NAME = "$(TARGET_NAME)";
			};
			name = Release;
		};
		DD2B888419A7EF4E00AB9F24 /* Debug */ = {
			isa = XCBuildConfiguration;
			buildSettings = {
				BUNDLE_LOADER = "$(TEST_HOST)";
				FRAMEWORK_SEARCH_PATHS = (
					"$(SDKROOT)/Developer/Library/Frameworks",
					"$(inherited)",
				);
				GCC_PREPROCESSOR_DEFINITIONS = (
					"DEBUG=1",
					"$(inherited)",
				);
				INFOPLIST_FILE = "Dark ClockTests/Info.plist";
				LD_RUNPATH_SEARCH_PATHS = "$(inherited) @executable_path/Frameworks @loader_path/Frameworks";
				PRODUCT_NAME = "$(TARGET_NAME)";
				TEST_HOST = "$(BUILT_PRODUCTS_DIR)/Dark Clock.app/Dark Clock";
			};
			name = Debug;
		};
		DD2B888519A7EF4E00AB9F24 /* Release */ = {
			isa = XCBuildConfiguration;
			buildSettings = {
				BUNDLE_LOADER = "$(TEST_HOST)";
				FRAMEWORK_SEARCH_PATHS = (
					"$(SDKROOT)/Developer/Library/Frameworks",
					"$(inherited)",
				);
				INFOPLIST_FILE = "Dark ClockTests/Info.plist";
				LD_RUNPATH_SEARCH_PATHS = "$(inherited) @executable_path/Frameworks @loader_path/Frameworks";
				PRODUCT_NAME = "$(TARGET_NAME)";
				TEST_HOST = "$(BUILT_PRODUCTS_DIR)/Dark Clock.app/Dark Clock";
			};
			name = Release;
		};
/* End XCBuildConfiguration section */

/* Begin XCConfigurationList section */
		DD2B885B19A7EF4E00AB9F24 /* Build configuration list for PBXProject "Dark Clock" */ = {
			isa = XCConfigurationList;
			buildConfigurations = (
				DD2B887E19A7EF4E00AB9F24 /* Debug */,
				DD2B887F19A7EF4E00AB9F24 /* Release */,
			);
			defaultConfigurationIsVisible = 0;
			defaultConfigurationName = Release;
		};
		DD2B888019A7EF4E00AB9F24 /* Build configuration list for PBXNativeTarget "Dark Clock" */ = {
			isa = XCConfigurationList;
			buildConfigurations = (
				DD2B888119A7EF4E00AB9F24 /* Debug */,
				DD2B888219A7EF4E00AB9F24 /* Release */,
			);
			defaultConfigurationIsVisible = 0;
		};
		DD2B888319A7EF4E00AB9F24 /* Build configuration list for PBXNativeTarget "Dark ClockTests" */ = {
			isa = XCConfigurationList;
			buildConfigurations = (
				DD2B888419A7EF4E00AB9F24 /* Debug */,
				DD2B888519A7EF4E00AB9F24 /* Release */,
			);
			defaultConfigurationIsVisible = 0;
		};
/* End XCConfigurationList section */
	};
	rootObject = DD2B885819A7EF4E00AB9F24 /* Project object */;
}
